{
  "nodes": {
    "crane": {
      "locked": {
        "lastModified": 1780532242,
        "narHash": "sha256-D+BsdpxmtUwtqGoY0IXPhHgTlmqgcZKCEo1oMyn7ep0=",
        "owner": "ipetkov",
        "repo": "crane",
        "rev": "59a82a1222dd3b2080b5cc52a1a2e8d5f1b77f37",
        "type": "github"
      },
      "original": {
        "owner": "ipetkov",
        "repo": "crane",
        "type": "github"
      }
    },
    "nix-filter": {
      "locked": {
        "lastModified": 1757882181,
        "narHash": "sha256-+cCxYIh2UNalTz364p+QYmWHs0P+6wDhiWR4jDIKQIU=",
        "owner": "numtide",
        "repo": "nix-filter",
        "rev": "59c44d1909c72441144b93cf0f054be7fe764de5",
        "type": "github"
      },
      "original": {
        "owner": "numtide",
        "repo": "nix-filter",
        "type": "github"
      }
    },
    "nixpkgs": {
      "locked": {
        "lastModified": 1780365719,
        "narHash": "sha256-QfWfccTN+70ZQ4m2qlU9PiKfz2Yppq94058iJyARNwc=",
        "owner": "NixOS",
        "repo": "nixpkgs",
        "rev": "ffa10e26ae11d676b2db836259889f1f571cb14f",
        "type": "github"
      },
      "original": {
        "owner": "NixOS",
        "ref": "nixpkgs-unstable",
        "repo": "nixpkgs",
        "type": "github"
      }
    },
    "parts": {
      "inputs": {
        "nixpkgs-lib": [
          "nixpkgs"
        ]
      },
      "locked": {
        "lastModified": 1778716662,
        "narHash": "sha256-m1Yf0wZ8j1OHjTc2UwHwyQRSnNeSgLJOd7q5Y45hzi4=",
        "owner": "hercules-ci",
        "repo": "flake-parts",
        "rev": "f7c1a2d347e4c52d5fb8d10cb4d94b5884e546fb",
        "type": "github"
      },
      "original": {
        "owner": "hercules-ci",
        "repo": "flake-parts",
        "type": "github"
      }
    },
    "root": {
      "inputs": {
        "crane": "crane",
        "nix-filter": "nix-filter",
        "nixpkgs": "nixpkgs",
        "parts": "parts",
        "rust": "rust"
      }
    },
    "rust": {
      "inputs": {
        "nixpkgs": [
          "nixpkgs"
        ]
      },
      "locked": {
        "lastModified": 1780629589,
        "narHash": "sha256-oHysjxZdaEqkmyDpN8G1bl3V+r9uyRD1O66bH0bq0Cs=",
        "owner": "oxalica",
        "repo": "rust-overlay",
        "rev": "7a5a1c0a5cb86a28224304309b68f050835fd1f6",
        "type": "github"
      },
      "original": {
        "owner": "oxalica",
        "repo": "rust-overlay",
        "type": "github"
      }
    }
  },
  "root": "root",
  "version": 7
}
